
Microsoft Visual Studio Solution File, Format Version 12.00
# Visual Studio Version 17
VisualStudioVersion = 17.11.35208.52
MinimumVisualStudioVersion = 10.0.40219.1
Project("{8BC9CEB8-8B4A-11D0-8D11-00A0C91BC942}") = "Exercise 1", "oaip.lab14.project\oaip.lab14.project.vcxproj", "{280DE81D-E7D5-4CF0-AED8-6A3BC5E9E506}"
EndProject
Project("{8BC9CEB8-8B4A-11D0-8D11-00A0C91BC942}") = "Exercise 2", "Exercise 2\Exercise 2.vcxproj", "{C250808A-412D-4EEB-8FE1-DA77CC5FB680}"
EndProject
Project("{8BC9CEB8-8B4A-11D0-8D11-00A0C91BC942}") = "Optional", "Optional\Optional.vcxproj", "{9104A52F-C145-4758-AB8B-04DEA301B937}"
EndProject
Global
	GlobalSection(SolutionConfigurationPlatforms) = preSolution
		Debug|x64 = Debug|x64
		Debug|x86 = Debug|x86
		Release|x64 = Release|x64
		Release|x86 = Release|x86
	EndGlobalSection
	GlobalSection(ProjectConfigurationPlatforms) = postSolution
		{280DE81D-E7D5-4CF0-AED8-6A3BC5E9E506}.Debug|x64.ActiveCfg = Debug|x64
		{280DE81D-E7D5-4CF0-AED8-6A3BC5E9E506}.Debug|x64.Build.0 = Debug|x64
		{280DE81D-E7D5-4CF0-AED8-6A3BC5E9E506}.Debug|x86.ActiveCfg = Debug|Win32
		{280DE81D-E7D5-4CF0-AED8-6A3BC5E9E506}.Debug|x86.Build.0 = Debug|Win32
		{280DE81D-E7D5-4CF0-AED8-6A3BC5E9E506}.Release|x64.ActiveCfg = Release|x64
		{280DE81D-E7D5-4CF0-AED8-6A3BC5E9E506}.Release|x64.Build.0 = Release|x64
		{280DE81D-E7D5-4CF0-AED8-6A3BC5E9E506}.Release|x86.ActiveCfg = Release|Win32
		{280DE81D-E7D5-4CF0-AED8-6A3BC5E9E506}.Release|x86.Build.0 = Release|Win32
		{C250808A-412D-4EEB-8FE1-DA77CC5FB680}.Debug|x64.ActiveCfg = Debug|x64
		{C250808A-412D-4EEB-8FE1-DA77CC5FB680}.Debug|x64.Build.0 = Debug|x64
		{C250808A-412D-4EEB-8FE1-DA77CC5FB680}.Debug|x86.ActiveCfg = Debug|Win32
		{C250808A-412D-4EEB-8FE1-DA77CC5FB680}.Debug|x86.Build.0 = Debug|Win32
		{C250808A-412D-4EEB-8FE1-DA77CC5FB680}.Release|x64.ActiveCfg = Release|x64
		{C250808A-412D-4EEB-8FE1-DA77CC5FB680}.Release|x64.Build.0 = Release|x64
		{C250808A-412D-4EEB-8FE1-DA77CC5FB680}.Release|x86.ActiveCfg = Release|Win32
		{C250808A-412D-4EEB-8FE1-DA77CC5FB680}.Release|x86.Build.0 = Release|Win32
		{9104A52F-C145-4758-AB8B-04DEA301B937}.Debug|x64.ActiveCfg = Debug|x64
		{9104A52F-C145-4758-AB8B-04DEA301B937}.Debug|x64.Build.0 = Debug|x64
		{9104A52F-C145-4758-AB8B-04DEA301B937}.Debug|x86.ActiveCfg = Debug|Win32
		{9104A52F-C145-4758-AB8B-04DEA301B937}.Debug|x86.Build.0 = Debug|Win32
		{9104A52F-C145-4758-AB8B-04DEA301B937}.Release|x64.ActiveCfg = Release|x64
		{9104A52F-C145-4758-AB8B-04DEA301B937}.Release|x64.Build.0 = Release|x64
		{9104A52F-C145-4758-AB8B-04DEA301B937}.Release|x86.ActiveCfg = Release|Win32
		{9104A52F-C145-4758-AB8B-04DEA301B937}.Release|x86.Build.0 = Release|Win32
	EndGlobalSection
	GlobalSection(SolutionProperties) = preSolution
		HideSolutionNode = FALSE
	EndGlobalSection
	GlobalSection(ExtensibilityGlobals) = postSolution
		SolutionGuid = {6E2854F1-2D92-4244-9797-12D2F3F29A46}
	EndGlobalSection
EndGlobal
