
Microsoft Visual Studio Solution File, Format Version 12.00
# Visual Studio Version 17
VisualStudioVersion = 17.11.35208.52
MinimumVisualStudioVersion = 10.0.40219.1
Project("{8BC9CEB8-8B4A-11D0-8D11-00A0C91BC942}") = "l4.v12", "l4.v12\l4.v12.vcxproj", "{917B3492-D1E1-431F-A03E-4704ED5C0691}"
EndProject
Project("{8BC9CEB8-8B4A-11D0-8D11-00A0C91BC942}") = "l4.v12.2", "l4.v12.2\l4.v12.2.vcxproj", "{FCB6B622-7DD8-4BA5-A1D3-BB04AF6B7BF4}"
EndProject
Global
	GlobalSection(SolutionConfigurationPlatforms) = preSolution
		Debug|x64 = Debug|x64
		Debug|x86 = Debug|x86
		Release|x64 = Release|x64
		Release|x86 = Release|x86
	EndGlobalSection
	GlobalSection(ProjectConfigurationPlatforms) = postSolution
		{917B3492-D1E1-431F-A03E-4704ED5C0691}.Debug|x64.ActiveCfg = Debug|x64
		{917B3492-D1E1-431F-A03E-4704ED5C0691}.Debug|x64.Build.0 = Debug|x64
		{917B3492-D1E1-431F-A03E-4704ED5C0691}.Debug|x86.ActiveCfg = Debug|Win32
		{917B3492-D1E1-431F-A03E-4704ED5C0691}.Debug|x86.Build.0 = Debug|Win32
		{917B3492-D1E1-431F-A03E-4704ED5C0691}.Release|x64.ActiveCfg = Release|x64
		{917B3492-D1E1-431F-A03E-4704ED5C0691}.Release|x64.Build.0 = Release|x64
		{917B3492-D1E1-431F-A03E-4704ED5C0691}.Release|x86.ActiveCfg = Release|Win32
		{917B3492-D1E1-431F-A03E-4704ED5C0691}.Release|x86.Build.0 = Release|Win32
		{FCB6B622-7DD8-4BA5-A1D3-BB04AF6B7BF4}.Debug|x64.ActiveCfg = Debug|x64
		{FCB6B622-7DD8-4BA5-A1D3-BB04AF6B7BF4}.Debug|x64.Build.0 = Debug|x64
		{FCB6B622-7DD8-4BA5-A1D3-BB04AF6B7BF4}.Debug|x86.ActiveCfg = Debug|Win32
		{FCB6B622-7DD8-4BA5-A1D3-BB04AF6B7BF4}.Debug|x86.Build.0 = Debug|Win32
		{FCB6B622-7DD8-4BA5-A1D3-BB04AF6B7BF4}.Release|x64.ActiveCfg = Release|x64
		{FCB6B622-7DD8-4BA5-A1D3-BB04AF6B7BF4}.Release|x64.Build.0 = Release|x64
		{FCB6B622-7DD8-4BA5-A1D3-BB04AF6B7BF4}.Release|x86.ActiveCfg = Release|Win32
		{FCB6B622-7DD8-4BA5-A1D3-BB04AF6B7BF4}.Release|x86.Build.0 = Release|Win32
	EndGlobalSection
	GlobalSection(SolutionProperties) = preSolution
		HideSolutionNode = FALSE
	EndGlobalSection
	GlobalSection(ExtensibilityGlobals) = postSolution
		SolutionGuid = {3685B998-AD47-449F-956D-0666F10B35B7}
	EndGlobalSection
EndGlobal
