
Microsoft Visual Studio Solution File, Format Version 12.00
# Visual Studio Version 17
VisualStudioVersion = 17.11.35327.3
MinimumVisualStudioVersion = 10.0.40219.1
Project("{8BC9CEB8-8B4A-11D0-8D11-00A0C91BC942}") = "lab42OAIP_task1", "lab42OAIP.vcxproj", "{F51BDE89-8B12-4660-850E-C832DEC33F4B}"
EndProject
Project("{8BC9CEB8-8B4A-11D0-8D11-00A0C91BC942}") = "lab42OAIP_task2", "..\lab42OAIP_task1\lab42OAIP_task1.vcxproj", "{C38B3D74-E554-4CA8-97C2-7146E5A12866}"
EndProject
Project("{8BC9CEB8-8B4A-11D0-8D11-00A0C91BC942}") = "lab42OAIP_task3", "..\lab42OAIP_task3\lab42OAIP_task3.vcxproj", "{746145B0-5856-4D54-BF10-0E23B6963B06}"
EndProject
Project("{8BC9CEB8-8B4A-11D0-8D11-00A0C91BC942}") = "lab42OAIP_task4", "..\lab42OAIP_task4\lab42OAIP_task4.vcxproj", "{BC0ACAF6-FAAC-487A-978D-DAA5A36E1EE5}"
EndProject
Project("{8BC9CEB8-8B4A-11D0-8D11-00A0C91BC942}") = "lab42OAIP_task51", "..\lab42OAIP_task51\lab42OAIP_task51.vcxproj", "{0B5048D5-7433-4D0B-8E0F-3A6F8FB0FBEC}"
EndProject
Project("{8BC9CEB8-8B4A-11D0-8D11-00A0C91BC942}") = "lab42OAIP_dop1", "..\lab42OAIP_dop1\lab42OAIP_dop1.vcxproj", "{BCDC5D36-60A7-477A-8A3C-CCC2727977F6}"
EndProject
Project("{8BC9CEB8-8B4A-11D0-8D11-00A0C91BC942}") = "lab42OAIP_dop2", "..\lab42OAIP_dop2\lab42OAIP_dop2.vcxproj", "{FAC77769-D49F-4353-AF0D-06FDE0DB2EB4}"
EndProject
Project("{8BC9CEB8-8B4A-11D0-8D11-00A0C91BC942}") = "lab42OAIP_dop3", "..\lab42OAIP_dop3\lab42OAIP_dop3.vcxproj", "{F267C283-95C2-4485-950E-29EDBCFB8322}"
EndProject
Global
	GlobalSection(SolutionConfigurationPlatforms) = preSolution
		Debug|x64 = Debug|x64
		Debug|x86 = Debug|x86
		Release|x64 = Release|x64
		Release|x86 = Release|x86
	EndGlobalSection
	GlobalSection(ProjectConfigurationPlatforms) = postSolution
		{F51BDE89-8B12-4660-850E-C832DEC33F4B}.Debug|x64.ActiveCfg = Debug|x64
		{F51BDE89-8B12-4660-850E-C832DEC33F4B}.Debug|x64.Build.0 = Debug|x64
		{F51BDE89-8B12-4660-850E-C832DEC33F4B}.Debug|x86.ActiveCfg = Debug|Win32
		{F51BDE89-8B12-4660-850E-C832DEC33F4B}.Debug|x86.Build.0 = Debug|Win32
		{F51BDE89-8B12-4660-850E-C832DEC33F4B}.Release|x64.ActiveCfg = Release|x64
		{F51BDE89-8B12-4660-850E-C832DEC33F4B}.Release|x64.Build.0 = Release|x64
		{F51BDE89-8B12-4660-850E-C832DEC33F4B}.Release|x86.ActiveCfg = Release|Win32
		{F51BDE89-8B12-4660-850E-C832DEC33F4B}.Release|x86.Build.0 = Release|Win32
		{C38B3D74-E554-4CA8-97C2-7146E5A12866}.Debug|x64.ActiveCfg = Debug|x64
		{C38B3D74-E554-4CA8-97C2-7146E5A12866}.Debug|x64.Build.0 = Debug|x64
		{C38B3D74-E554-4CA8-97C2-7146E5A12866}.Debug|x86.ActiveCfg = Debug|Win32
		{C38B3D74-E554-4CA8-97C2-7146E5A12866}.Debug|x86.Build.0 = Debug|Win32
		{C38B3D74-E554-4CA8-97C2-7146E5A12866}.Release|x64.ActiveCfg = Release|x64
		{C38B3D74-E554-4CA8-97C2-7146E5A12866}.Release|x64.Build.0 = Release|x64
		{C38B3D74-E554-4CA8-97C2-7146E5A12866}.Release|x86.ActiveCfg = Release|Win32
		{C38B3D74-E554-4CA8-97C2-7146E5A12866}.Release|x86.Build.0 = Release|Win32
		{746145B0-5856-4D54-BF10-0E23B6963B06}.Debug|x64.ActiveCfg = Debug|x64
		{746145B0-5856-4D54-BF10-0E23B6963B06}.Debug|x64.Build.0 = Debug|x64
		{746145B0-5856-4D54-BF10-0E23B6963B06}.Debug|x86.ActiveCfg = Debug|Win32
		{746145B0-5856-4D54-BF10-0E23B6963B06}.Debug|x86.Build.0 = Debug|Win32
		{746145B0-5856-4D54-BF10-0E23B6963B06}.Release|x64.ActiveCfg = Release|x64
		{746145B0-5856-4D54-BF10-0E23B6963B06}.Release|x64.Build.0 = Release|x64
		{746145B0-5856-4D54-BF10-0E23B6963B06}.Release|x86.ActiveCfg = Release|Win32
		{746145B0-5856-4D54-BF10-0E23B6963B06}.Release|x86.Build.0 = Release|Win32
		{BC0ACAF6-FAAC-487A-978D-DAA5A36E1EE5}.Debug|x64.ActiveCfg = Debug|x64
		{BC0ACAF6-FAAC-487A-978D-DAA5A36E1EE5}.Debug|x64.Build.0 = Debug|x64
		{BC0ACAF6-FAAC-487A-978D-DAA5A36E1EE5}.Debug|x86.ActiveCfg = Debug|Win32
		{BC0ACAF6-FAAC-487A-978D-DAA5A36E1EE5}.Debug|x86.Build.0 = Debug|Win32
		{BC0ACAF6-FAAC-487A-978D-DAA5A36E1EE5}.Release|x64.ActiveCfg = Release|x64
		{BC0ACAF6-FAAC-487A-978D-DAA5A36E1EE5}.Release|x64.Build.0 = Release|x64
		{BC0ACAF6-FAAC-487A-978D-DAA5A36E1EE5}.Release|x86.ActiveCfg = Release|Win32
		{BC0ACAF6-FAAC-487A-978D-DAA5A36E1EE5}.Release|x86.Build.0 = Release|Win32
		{0B5048D5-7433-4D0B-8E0F-3A6F8FB0FBEC}.Debug|x64.ActiveCfg = Debug|x64
		{0B5048D5-7433-4D0B-8E0F-3A6F8FB0FBEC}.Debug|x64.Build.0 = Debug|x64
		{0B5048D5-7433-4D0B-8E0F-3A6F8FB0FBEC}.Debug|x86.ActiveCfg = Debug|Win32
		{0B5048D5-7433-4D0B-8E0F-3A6F8FB0FBEC}.Debug|x86.Build.0 = Debug|Win32
		{0B5048D5-7433-4D0B-8E0F-3A6F8FB0FBEC}.Release|x64.ActiveCfg = Release|x64
		{0B5048D5-7433-4D0B-8E0F-3A6F8FB0FBEC}.Release|x64.Build.0 = Release|x64
		{0B5048D5-7433-4D0B-8E0F-3A6F8FB0FBEC}.Release|x86.ActiveCfg = Release|Win32
		{0B5048D5-7433-4D0B-8E0F-3A6F8FB0FBEC}.Release|x86.Build.0 = Release|Win32
		{BCDC5D36-60A7-477A-8A3C-CCC2727977F6}.Debug|x64.ActiveCfg = Debug|x64
		{BCDC5D36-60A7-477A-8A3C-CCC2727977F6}.Debug|x64.Build.0 = Debug|x64
		{BCDC5D36-60A7-477A-8A3C-CCC2727977F6}.Debug|x86.ActiveCfg = Debug|Win32
		{BCDC5D36-60A7-477A-8A3C-CCC2727977F6}.Debug|x86.Build.0 = Debug|Win32
		{BCDC5D36-60A7-477A-8A3C-CCC2727977F6}.Release|x64.ActiveCfg = Release|x64
		{BCDC5D36-60A7-477A-8A3C-CCC2727977F6}.Release|x64.Build.0 = Release|x64
		{BCDC5D36-60A7-477A-8A3C-CCC2727977F6}.Release|x86.ActiveCfg = Release|Win32
		{BCDC5D36-60A7-477A-8A3C-CCC2727977F6}.Release|x86.Build.0 = Release|Win32
		{FAC77769-D49F-4353-AF0D-06FDE0DB2EB4}.Debug|x64.ActiveCfg = Debug|x64
		{FAC77769-D49F-4353-AF0D-06FDE0DB2EB4}.Debug|x64.Build.0 = Debug|x64
		{FAC77769-D49F-4353-AF0D-06FDE0DB2EB4}.Debug|x86.ActiveCfg = Debug|Win32
		{FAC77769-D49F-4353-AF0D-06FDE0DB2EB4}.Debug|x86.Build.0 = Debug|Win32
		{FAC77769-D49F-4353-AF0D-06FDE0DB2EB4}.Release|x64.ActiveCfg = Release|x64
		{FAC77769-D49F-4353-AF0D-06FDE0DB2EB4}.Release|x64.Build.0 = Release|x64
		{FAC77769-D49F-4353-AF0D-06FDE0DB2EB4}.Release|x86.ActiveCfg = Release|Win32
		{FAC77769-D49F-4353-AF0D-06FDE0DB2EB4}.Release|x86.Build.0 = Release|Win32
		{F267C283-95C2-4485-950E-29EDBCFB8322}.Debug|x64.ActiveCfg = Debug|x64
		{F267C283-95C2-4485-950E-29EDBCFB8322}.Debug|x64.Build.0 = Debug|x64
		{F267C283-95C2-4485-950E-29EDBCFB8322}.Debug|x86.ActiveCfg = Debug|Win32
		{F267C283-95C2-4485-950E-29EDBCFB8322}.Debug|x86.Build.0 = Debug|Win32
		{F267C283-95C2-4485-950E-29EDBCFB8322}.Release|x64.ActiveCfg = Release|x64
		{F267C283-95C2-4485-950E-29EDBCFB8322}.Release|x64.Build.0 = Release|x64
		{F267C283-95C2-4485-950E-29EDBCFB8322}.Release|x86.ActiveCfg = Release|Win32
		{F267C283-95C2-4485-950E-29EDBCFB8322}.Release|x86.Build.0 = Release|Win32
	EndGlobalSection
	GlobalSection(SolutionProperties) = preSolution
		HideSolutionNode = FALSE
	EndGlobalSection
	GlobalSection(ExtensibilityGlobals) = postSolution
		SolutionGuid = {8B238DCB-1742-48D3-A115-B7986BB68618}
	EndGlobalSection
EndGlobal
